{
  "name": "utility",
  "version": "1.15.0",
  "lockfileVersion": 1,
  "requires": true,
  "dependencies": {
    "@types/escape-html": {
      "version": "0.0.20",
      "resolved": "https://registry.npmjs.org/@types/escape-html/-/escape-html-0.0.20.tgz",
      "integrity": "sha512-6dhZJLbA7aOwkYB2GDGdIqJ20wmHnkDzaxV9PJXe7O02I2dSFTERzRB6JrX6cWKaS+VqhhY7cQUMCbO5kloFUw==",
      "dev": true
    },
    "@types/node": {
      "version": "10.12.12",
      "resolved": "https://registry.npmjs.org/@types/node/-/node-10.12.12.tgz",
      "integrity": "sha512-Pr+6JRiKkfsFvmU/LK68oBRCQeEg36TyAbPhc2xpez24OOZZCuoIhWGTd39VZy6nGafSbxzGouFPTFD/rR1A0A=="
    },
    "escape-html": {
      "version": "1.0.3",
      "resolved": "https://registry.npmjs.org/escape-html/-/escape-html-1.0.3.tgz",
      "integrity": "sha1-Aljq5NPQwJdN4cFpGI7wBR0dGYg="
    }
  }
}
